<?xml version="1.0" encoding="utf-8"?>
<Project ToolsVersion="4.0" xmlns="http://schemas.microsoft.com/developer/msbuild/2003">
  <ItemGroup>
    <ClCompile Include="main.cpp" />
    <ClCompile Include="src\Control\Gimbal\Gimbal.cpp" />
    <ClCompile Include="src\Core\Identifier\Armor\ArmorIdentifier_V1.cpp" />
    <ClCompile Include="src\Core\Identifier\Armor\ArmorIdentifier_V2.cpp" />
    <ClCompile Include="src\Core\Identifier\Number\NumberIdentifier_V1.cpp" />
    <ClCompile Include="src\Core\Pretreator\Armor\ArmorPretreator_V1.cpp" />
    <ClCompile Include="src\Core\Pretreator\Armor\ArmorPretreator_V2.cpp" />
    <ClCompile Include="src\ThirdParty\EasyLogging++\EasyLogging++.cc" />
    <ClCompile Include="src\ThirdParty\Serial\impl\list_ports\list_ports_linux.cc" />
    <ClCompile Include="src\ThirdParty\Serial\impl\list_ports\list_ports_osx.cc" />
    <ClCompile Include="src\ThirdParty\Serial\impl\list_ports\list_ports_win.cc" />
    <ClCompile Include="src\ThirdParty\Serial\impl\unix.cc" />
    <ClCompile Include="src\ThirdParty\Serial\impl\win.cc" />
    <ClCompile Include="src\ThirdParty\Serial\serial.cc" />
    <ClCompile Include="src\Util\Debug\MatForm\MatForm.cpp" />
    <ClCompile Include="src\Util\Debug\DebugCanvas.cpp" />
    <ClCompile Include="src\Util\Debug\Log.cpp" />
    <ClCompile Include="src\Util\Parameter\Parameters.cpp" />
    <ClCompile Include="src\Util\TimeStamp\TimeStampCounter.cpp" />
  </ItemGroup>
  <ItemGroup>
    <ClInclude Include="src\Control\Gimbal\Gimbal.h" />
    <ClInclude Include="src\Control\Serial\CBoardInfantry.h" />
    <ClInclude Include="src\Control\Serial\GYH1.h" />
    <ClInclude Include="src\Core\Identifier\Armor\FastStruct\Implementations\FastArray2d.h" />
    <ClInclude Include="src\Core\Identifier\Armor\FastStruct\Implementations\FastBucketMap.h" />
    <ClInclude Include="src\Core\Identifier\Armor\FastStruct\Implementations\FastDisjointSet.h" />
    <ClInclude Include="src\Core\Identifier\Armor\FastStruct\Implementations\FastStack.h" />
    <ClInclude Include="src\Core\Identifier\Armor\FastStruct\FastStruct.h" />
    <ClInclude Include="src\Core\Identifier\Armor\ArmorIdentifier_V1.h" />
    <ClInclude Include="src\Core\Identifier\Armor\ArmorIdentifier_V2.h" />
    <ClInclude Include="src\Core\Identifier\Armor\ArmorIdentifier_V3.h" />
    <ClInclude Include="src\Core\Identifier\Armor\ArmorStruct.h" />
    <ClInclude Include="src\Core\Identifier\Color\ColorIdentifier_V1.h" />
    <ClInclude Include="src\Core\Identifier\Number\NullNumberIdentifier.h" />
    <ClInclude Include="src\Core\Identifier\Number\NumberIdentifier_V1.h" />
    <ClInclude Include="src\Core\Identifier\ArmorIdentifierInterface.h" />
    <ClInclude Include="src\Core\Identifier\ColorIdentifierInterface.h" />
    <ClInclude Include="src\Core\Identifier\NumberIdentifierInterface.h" />
    <ClInclude Include="src\Core\Identifier\StandaloneArmorIdentifierInterface.h" />
    <ClInclude Include="src\Core\ImgCapture\Common\CVVideoCapture.h" />
    <ClInclude Include="src\Core\ImgCapture\Common\HikCameraCapture.h" />
    <ClInclude Include="src\Core\ImgCapture\Common\HTCameraCapture.h" />
    <ClInclude Include="src\Core\ImgCapture\Common\ResizeCapture.h" />
    <ClInclude Include="src\Core\ImgCapture\Common\RotateCapture.h" />
    <ClInclude Include="src\Core\ImgCapture\ImgCaptureInterface.h" />
    <ClInclude Include="src\Core\PnPSolver\ArmorPnPSolverInterface.h" />
    <ClInclude Include="src\Core\Predictor\ArmorPredictorInterface.h" />
    <ClInclude Include="src\Core\Predictor\TargetInterface.h" />
    <ClInclude Include="src\Core\Pretreator\Armor\ArmorPretreator_V1.h" />
    <ClInclude Include="src\Core\Pretreator\Armor\ArmorPretreator_V2.h" />
    <ClInclude Include="src\Core\Pretreator\PretreatorInterface.h" />
    <ClInclude Include="src\Core\Strategy\Common\Strategy_V1.h" />
    <ClInclude Include="src\Core\Trajectory\Common\Trajectory_V1.h" />
    <ClInclude Include="src\ThirdParty\EasyLogging++\EasyLogging++.h" />
    <ClInclude Include="src\ThirdParty\HikCameraSDK\Windows\CameraParams.h" />
    <ClInclude Include="src\ThirdParty\HikCameraSDK\Windows\MvCameraControl.h" />
    <ClInclude Include="src\ThirdParty\HikCameraSDK\Windows\MvErrorDefine.h" />
    <ClInclude Include="src\ThirdParty\HikCameraSDK\Windows\MvISPErrorDefine.h" />
    <ClInclude Include="src\ThirdParty\HikCameraSDK\Windows\MvObsoleteInterfaces.h" />
    <ClInclude Include="src\ThirdParty\HikCameraSDK\Windows\MvSdkExport.h" />
    <ClInclude Include="src\ThirdParty\HikCameraSDK\Windows\ObsoleteCamParams.h" />
    <ClInclude Include="src\ThirdParty\HikCameraSDK\Windows\PixelType.h" />
    <ClInclude Include="src\ThirdParty\HTCameraSDK\Linux\CameraApi.h" />
    <ClInclude Include="src\ThirdParty\HTCameraSDK\Linux\CameraDefine.h" />
    <ClInclude Include="src\ThirdParty\HTCameraSDK\Linux\CameraStatus.h" />
    <ClInclude Include="src\ThirdParty\HTCameraSDK\Windows\CameraApi.h" />
    <ClInclude Include="src\ThirdParty\HTCameraSDK\Windows\CameraApiLoad.h" />
    <ClInclude Include="src\ThirdParty\HTCameraSDK\Windows\CameraDefine.H" />
    <ClInclude Include="src\ThirdParty\HTCameraSDK\Windows\CameraStatus.h" />
    <ClInclude Include="src\ThirdParty\Serial\impl\unix.h" />
    <ClInclude Include="src\ThirdParty\Serial\impl\win.h" />
    <ClInclude Include="src\ThirdParty\Serial\serial.h" />
    <ClInclude Include="src\ThirdParty\Serial\v8stdint.h" />
    <ClInclude Include="src\Util\Serial\CRC.h" />
    <ClInclude Include="src\Util\Debug\MatForm\ButtonControl.hpp" />
    <ClInclude Include="src\Util\Debug\MatForm\MatControl.hpp" />
    <ClInclude Include="src\Util\Debug\MatForm\MatForm.hpp" />
    <ClInclude Include="src\Util\Debug\MatForm\RectangleControl.hpp" />
    <ClInclude Include="src\Util\Debug\CustomException.h" />
    <ClInclude Include="src\Util\Debug\DebugCanvas.h" />
    <ClInclude Include="src\Util\Debug\DebugSettings.h" />
    <ClInclude Include="src\Util\Debug\Log.h" />
    <ClInclude Include="src\Util\Debug\ValueGragh.h" />
    <ClInclude Include="src\Util\FPSCounter\FPSCounter.h" />
    <ClInclude Include="src\Util\Parameter\Parameters.h" />
    <ClInclude Include="src\Util\Serial\SerialUtil.h" />
    <ClInclude Include="src\Util\TimeStamp\TimeStampCounter.h" />
    <ClInclude Include="src\Util\UtilFunctions.h" />
    <ClInclude Include="src\Control\Serial\HiPNUC.h" />
    <ClInclude Include="src\Core\PnPSolver\Armor\ArmorPnPSolver.h" />
    <ClInclude Include="src\Core\Transformer\SimpleTransformer.h" />
    <ClInclude Include="src\Core\Transformer\IMUTransformer.h" />
    <ClInclude Include="src\Control\Serial\VirtualCBoard.h" />
    <ClInclude Include="src\Core\Predictor\Armor\SimplePredictor.h" />
    <ClInclude Include="src\Control\Serial\StatusBoard.h" />
    <ClInclude Include="src\Util\Exceptions.h" />
  </ItemGroup>
  <ItemGroup>
    <Library Include="src\ThirdParty\HTCameraSDK\Windows\MVCAMSDK_X64.lib" />
    <Library Include="src\ThirdParty\HTCameraSDK\Windows\MVCAMSDK.lib" />
    <Library Include="src\ThirdParty\HikCameraSDK\Windows\MvCameraControl.lib" />
  </ItemGroup>
  <ItemGroup>
    <None Include=".editorconfig" />
  </ItemGroup>
</Project>